
Microsoft Visual Studio Solution File, Format Version 12.00
# Visual Studio Version 17
VisualStudioVersion = 17.11.35312.102
MinimumVisualStudioVersion = 10.0.40219.1
Project("{FAE04EC0-301F-11D3-BF4B-00C04F79EFBC}") = "Dnc.SecureWebApi.EntraId", "Dnc.SecureWebApi.EntraId\Dnc.SecureWebApi.EntraId.csproj", "{8878807C-39CE-43DA-A435-80A8D90EF112}"
EndProject
Global
	GlobalSection(SolutionConfigurationPlatforms) = preSolution
		Debug|Any CPU = Debug|Any CPU
		Release|Any CPU = Release|Any CPU
	EndGlobalSection
	GlobalSection(ProjectConfigurationPlatforms) = postSolution
		{8878807C-39CE-43DA-A435-80A8D90EF112}.Debug|Any CPU.ActiveCfg = Debug|Any CPU
		{8878807C-39CE-43DA-A435-80A8D90EF112}.Debug|Any CPU.Build.0 = Debug|Any CPU
		{8878807C-39CE-43DA-A435-80A8D90EF112}.Release|Any CPU.ActiveCfg = Release|Any CPU
		{8878807C-39CE-43DA-A435-80A8D90EF112}.Release|Any CPU.Build.0 = Release|Any CPU
	EndGlobalSection
	GlobalSection(SolutionProperties) = preSolution
		HideSolutionNode = FALSE
	EndGlobalSection
	GlobalSection(ExtensibilityGlobals) = postSolution
		SolutionGuid = {FF5947C7-546A-4B27-A03E-5EF0A43FC05E}
	EndGlobalSection
EndGlobal
